
Microsoft Visual Studio Solution File, Format Version 12.00
# Visual Studio Version 16
VisualStudioVersion = 16.0.31515.178
MinimumVisualStudioVersion = 10.0.40219.1
Project("{8BC9CEB8-8B4A-11D0-8D11-00A0C91BC942}") = "lecture 23", "lecture 23.vcxproj", "{DD4AC580-3D92-4AAD-A983-D46AFE6FCB9B}"
EndProject
Global
	GlobalSection(SolutionConfigurationPlatforms) = preSolution
		Debug|x64 = Debug|x64
		Debug|x86 = Debug|x86
		Release|x64 = Release|x64
		Release|x86 = Release|x86
	EndGlobalSection
	GlobalSection(ProjectConfigurationPlatforms) = postSolution
		{DD4AC580-3D92-4AAD-A983-D46AFE6FCB9B}.Debug|x64.ActiveCfg = Debug|x64
		{DD4AC580-3D92-4AAD-A983-D46AFE6FCB9B}.Debug|x64.Build.0 = Debug|x64
		{DD4AC580-3D92-4AAD-A983-D46AFE6FCB9B}.Debug|x86.ActiveCfg = Debug|Win32
		{DD4AC580-3D92-4AAD-A983-D46AFE6FCB9B}.Debug|x86.Build.0 = Debug|Win32
		{DD4AC580-3D92-4AAD-A983-D46AFE6FCB9B}.Release|x64.ActiveCfg = Release|x64
		{DD4AC580-3D92-4AAD-A983-D46AFE6FCB9B}.Release|x64.Build.0 = Release|x64
		{DD4AC580-3D92-4AAD-A983-D46AFE6FCB9B}.Release|x86.ActiveCfg = Release|Win32
		{DD4AC580-3D92-4AAD-A983-D46AFE6FCB9B}.Release|x86.Build.0 = Release|Win32
	EndGlobalSection
	GlobalSection(SolutionProperties) = preSolution
		HideSolutionNode = FALSE
	EndGlobalSection
	GlobalSection(ExtensibilityGlobals) = postSolution
		SolutionGuid = {8C82BAAC-E2A7-4F0B-AD56-1F0DB4A1E79C}
	EndGlobalSection
EndGlobal
