
Microsoft Visual Studio Solution File, Format Version 12.00
# Visual Studio Version 16
VisualStudioVersion = 16.0.31515.178
MinimumVisualStudioVersion = 10.0.40219.1
Project("{8BC9CEB8-8B4A-11D0-8D11-00A0C91BC942}") = "lecture 20", "lecture 20.vcxproj", "{B7D91FB4-9A3C-4134-9B96-94F7A69EBDB2}"
EndProject
Global
	GlobalSection(SolutionConfigurationPlatforms) = preSolution
		Debug|x64 = Debug|x64
		Debug|x86 = Debug|x86
		Release|x64 = Release|x64
		Release|x86 = Release|x86
	EndGlobalSection
	GlobalSection(ProjectConfigurationPlatforms) = postSolution
		{B7D91FB4-9A3C-4134-9B96-94F7A69EBDB2}.Debug|x64.ActiveCfg = Debug|x64
		{B7D91FB4-9A3C-4134-9B96-94F7A69EBDB2}.Debug|x64.Build.0 = Debug|x64
		{B7D91FB4-9A3C-4134-9B96-94F7A69EBDB2}.Debug|x86.ActiveCfg = Debug|Win32
		{B7D91FB4-9A3C-4134-9B96-94F7A69EBDB2}.Debug|x86.Build.0 = Debug|Win32
		{B7D91FB4-9A3C-4134-9B96-94F7A69EBDB2}.Release|x64.ActiveCfg = Release|x64
		{B7D91FB4-9A3C-4134-9B96-94F7A69EBDB2}.Release|x64.Build.0 = Release|x64
		{B7D91FB4-9A3C-4134-9B96-94F7A69EBDB2}.Release|x86.ActiveCfg = Release|Win32
		{B7D91FB4-9A3C-4134-9B96-94F7A69EBDB2}.Release|x86.Build.0 = Release|Win32
	EndGlobalSection
	GlobalSection(SolutionProperties) = preSolution
		HideSolutionNode = FALSE
	EndGlobalSection
	GlobalSection(ExtensibilityGlobals) = postSolution
		SolutionGuid = {74C38C02-0823-49E0-A8BB-4BAD2AEF6933}
	EndGlobalSection
EndGlobal
